PODS:
  - Flutter (1.0.0)
  - flutter_app_intents (0.1.0):
    - Flutter

DEPENDENCIES:
  - Flutter (from `Flutter`)
  - flutter_app_intents (from `.symlinks/plugins/flutter_app_intents/ios`)

EXTERNAL SOURCES:
  Flutter:
    :path: Flutter
  flutter_app_intents:
    :path: ".symlinks/plugins/flutter_app_intents/ios"

SPEC CHECKSUMS:
  Flutter: cabc95a1d2626b1b06e7179b784ebcf0c0cde467
  flutter_app_intents: e77f999f398c841ab584a1925dbce33ee0168fb5

PODFILE CHECKSUM: c68c7fafbe14742e48ec7d4702c13bd0b5bf6a2c

COCOAPODS: 1.16.2
